// !$*UTF8*$!
{
	archiveVersion = 1;
	classes = {
	};
	objectVersion = 46;
	objects = {

/* Begin PBXBuildFile section */
		844D13A21DFAFF7700584788 /* main.m in Sources */ = {isa = PBXBuildFile; fileRef = 844D13A11DFAFF7700584788 /* main.m */; };
		844D13AA1DFAFFC700584788 /* BasicUnit.m in Sources */ = {isa = PBXBuildFile; fileRef = 844D13A91DFAFFC700584788 /* BasicUnit.m */; };
		844D13AD1DFAFFF600584788 /* FlyweightImageFactory.m in Sources */ = {isa = PBXBuildFile; fileRef = 844D13AC1DFAFFF600584788 /* FlyweightImageFactory.m */; };
		844D13B01DFB002E00584788 /* Dragon.m in Sources */ = {isa = PBXBuildFile; fileRef = 844D13AF1DFB002E00584788 /* Dragon.m */; };
		844D13B31DFB006500584788 /* Goblin.m in Sources */ = {isa = PBXBuildFile; fileRef = 844D13B21DFB006500584788 /* Goblin.m */; };
/* End PBXBuildFile section */

/* Begin PBXCopyFilesBuildPhase section */
		844D139C1DFAFF7700584788 /* CopyFiles */ = {
			isa = PBXCopyFilesBuildPhase;
			buildActionMask = 2147483647;
			dstPath = /usr/share/man/man1/;
			dstSubfolderSpec = 0;
			files = (
			);
			runOnlyForDeploymentPostprocessing = 1;
		};
/* End PBXCopyFilesBuildPhase section */

/* Begin PBXFileReference section */
		844D139E1DFAFF7700584788 /* FlyweightPattern */ = {isa = PBXFileReference; explicitFileType = "compiled.mach-o.executable"; includeInIndex = 0; path = FlyweightPattern; sourceTree = BUILT_PRODUCTS_DIR; };
		844D13A11DFAFF7700584788 /* main.m */ = {isa = PBXFileReference; lastKnownFileType = sourcecode.c.objc; path = main.m; sourceTree = "<group>"; };
		844D13A81DFAFFC700584788 /* BasicUnit.h */ = {isa = PBXFileReference; fileEncoding = 4; lastKnownFileType = sourcecode.c.h; path = BasicUnit.h; sourceTree = "<group>"; };
		844D13A91DFAFFC700584788 /* BasicUnit.m */ = {isa = PBXFileReference; fileEncoding = 4; lastKnownFileType = sourcecode.c.objc; path = BasicUnit.m; sourceTree = "<group>"; };
		844D13AB1DFAFFF600584788 /* FlyweightImageFactory.h */ = {isa = PBXFileReference; fileEncoding = 4; lastKnownFileType = sourcecode.c.h; path = FlyweightImageFactory.h; sourceTree = "<group>"; };
		844D13AC1DFAFFF600584788 /* FlyweightImageFactory.m */ = {isa = PBXFileReference; fileEncoding = 4; lastKnownFileType = sourcecode.c.objc; path = FlyweightImageFactory.m; sourceTree = "<group>"; };
		844D13AE1DFB002E00584788 /* Dragon.h */ = {isa = PBXFileReference; fileEncoding = 4; lastKnownFileType = sourcecode.c.h; path = Dragon.h; sourceTree = "<group>"; };
		844D13AF1DFB002E00584788 /* Dragon.m */ = {isa = PBXFileReference; fileEncoding = 4; lastKnownFileType = sourcecode.c.objc; path = Dragon.m; sourceTree = "<group>"; };
		844D13B11DFB006500584788 /* Goblin.h */ = {isa = PBXFileReference; fileEncoding = 4; lastKnownFileType = sourcecode.c.h; path = Goblin.h; sourceTree = "<group>"; };
		844D13B21DFB006500584788 /* Goblin.m */ = {isa = PBXFileReference; fileEncoding = 4; lastKnownFileType = sourcecode.c.objc; path = Goblin.m; sourceTree = "<group>"; };
/* End PBXFileReference section */

/* Begin PBXFrameworksBuildPhase section */
		844D139B1DFAFF7700584788 /* Frameworks */ = {
			isa = PBXFrameworksBuildPhase;
			buildActionMask = 2147483647;
			files = (
			);
			runOnlyForDeploymentPostprocessing = 0;
		};
/* End PBXFrameworksBuildPhase section */

/* Begin PBXGroup section */
		844D13951DFAFF7700584788 = {
			isa = PBXGroup;
			children = (
				844D13A01DFAFF7700584788 /* FlyweightPattern */,
				844D139F1DFAFF7700584788 /* Products */,
			);
			sourceTree = "<group>";
		};
		844D139F1DFAFF7700584788 /* Products */ = {
			isa = PBXGroup;
			children = (
				844D139E1DFAFF7700584788 /* FlyweightPattern */,
			);
			name = Products;
			sourceTree = "<group>";
		};
		844D13A01DFAFF7700584788 /* FlyweightPattern */ = {
			isa = PBXGroup;
			children = (
				844D13A11DFAFF7700584788 /* main.m */,
				844D13A81DFAFFC700584788 /* BasicUnit.h */,
				844D13A91DFAFFC700584788 /* BasicUnit.m */,
				844D13AB1DFAFFF600584788 /* FlyweightImageFactory.h */,
				844D13AC1DFAFFF600584788 /* FlyweightImageFactory.m */,
				844D13AE1DFB002E00584788 /* Dragon.h */,
				844D13AF1DFB002E00584788 /* Dragon.m */,
				844D13B11DFB006500584788 /* Goblin.h */,
				844D13B21DFB006500584788 /* Goblin.m */,
			);
			path = FlyweightPattern;
			sourceTree = "<group>";
		};
/* End PBXGroup section */

/* Begin PBXNativeTarget section */
		844D139D1DFAFF7700584788 /* FlyweightPattern */ = {
			isa = PBXNativeTarget;
			buildConfigurationList = 844D13A51DFAFF7700584788 /* Build configuration list for PBXNativeTarget "FlyweightPattern" */;
			buildPhases = (
				844D139A1DFAFF7700584788 /* Sources */,
				844D139B1DFAFF7700584788 /* Frameworks */,
				844D139C1DFAFF7700584788 /* CopyFiles */,
			);
			buildRules = (
			);
			dependencies = (
			);
			name = FlyweightPattern;
			productName = FlyweightPattern;
			productReference = 844D139E1DFAFF7700584788 /* FlyweightPattern */;
			productType = "com.apple.product-type.tool";
		};
/* End PBXNativeTarget section */

/* Begin PBXProject section */
		844D13961DFAFF7700584788 /* Project object */ = {
			isa = PBXProject;
			attributes = {
				LastUpgradeCheck = 0810;
				ORGANIZATIONNAME = LoganCorporation;
				TargetAttributes = {
					844D139D1DFAFF7700584788 = {
						CreatedOnToolsVersion = 8.1;
						DevelopmentTeam = 6R8QQ5YD77;
						ProvisioningStyle = Automatic;
					};
				};
			};
			buildConfigurationList = 844D13991DFAFF7700584788 /* Build configuration list for PBXProject "FlyweightPattern" */;
			compatibilityVersion = "Xcode 3.2";
			developmentRegion = English;
			hasScannedForEncodings = 0;
			knownRegions = (
				en,
			);
			mainGroup = 844D13951DFAFF7700584788;
			productRefGroup = 844D139F1DFAFF7700584788 /* Products */;
			projectDirPath = "";
			projectRoot = "";
			targets = (
				844D139D1DFAFF7700584788 /* FlyweightPattern */,
			);
		};
/* End PBXProject section */

/* Begin PBXSourcesBuildPhase section */
		844D139A1DFAFF7700584788 /* Sources */ = {
			isa = PBXSourcesBuildPhase;
			buildActionMask = 2147483647;
			files = (
				844D13AA1DFAFFC700584788 /* BasicUnit.m in Sources */,
				844D13B31DFB006500584788 /* Goblin.m in Sources */,
				844D13A21DFAFF7700584788 /* main.m in Sources */,
				844D13B01DFB002E00584788 /* Dragon.m in Sources */,
				844D13AD1DFAFFF600584788 /* FlyweightImageFactory.m in Sources */,
			);
			runOnlyForDeploymentPostprocessing = 0;
		};
/* End PBXSourcesBuildPhase section */

/* Begin XCBuildConfiguration section */
		844D13A31DFAFF7700584788 /* Debug */ = {
			isa = XCBuildConfiguration;
			buildSettings = {
				ALWAYS_SEARCH_USER_PATHS = NO;
				CLANG_ANALYZER_NONNULL = YES;
				CLANG_CXX_LANGUAGE_STANDARD = "gnu++0x";
				CLANG_CXX_LIBRARY = "libc++";
				CLANG_ENABLE_MODULES = YES;
				CLANG_ENABLE_OBJC_ARC = YES;
				CLANG_WARN_BOOL_CONVERSION = YES;
				CLANG_WARN_CONSTANT_CONVERSION = YES;
				CLANG_WARN_DIRECT_OBJC_ISA_USAGE = YES_ERROR;
				CLANG_WARN_DOCUMENTATION_COMMENTS = YES;
				CLANG_WARN_EMPTY_BODY = YES;
				CLANG_WARN_ENUM_CONVERSION = YES;
				CLANG_WARN_INFINITE_RECURSION = YES;
				CLANG_WARN_INT_CONVERSION = YES;
				CLANG_WARN_OBJC_ROOT_CLASS = YES_ERROR;
				CLANG_WARN_SUSPICIOUS_MOVES = YES;
				CLANG_WARN_UNREACHABLE_CODE = YES;
				CLANG_WARN__DUPLICATE_METHOD_MATCH = YES;
				CODE_SIGN_IDENTITY = "-";
				COPY_PHASE_STRIP = NO;
				DEBUG_INFORMATION_FORMAT = dwarf;
				ENABLE_STRICT_OBJC_MSGSEND = YES;
				ENABLE_TESTABILITY = YES;
				GCC_C_LANGUAGE_STANDARD = gnu99;
				GCC_DYNAMIC_NO_PIC = NO;
				GCC_NO_COMMON_BLOCKS = YES;
				GCC_OPTIMIZATION_LEVEL = 0;
				GCC_PREPROCESSOR_DEFINITIONS = (
					"DEBUG=1",
					"$(inherited)",
				);
				GCC_WARN_64_TO_32_BIT_CONVERSION = YES;
				GCC_WARN_ABOUT_RETURN_TYPE = YES_ERROR;
				GCC_WARN_UNDECLARED_SELECTOR = YES;
				GCC_WARN_UNINITIALIZED_AUTOS = YES_AGGRESSIVE;
				GCC_WARN_UNUSED_FUNCTION = YES;
				GCC_WARN_UNUSED_VARIABLE = YES;
				MACOSX_DEPLOYMENT_TARGET = 10.11;
				MTL_ENABLE_DEBUG_INFO = YES;
				ONLY_ACTIVE_ARCH = YES;
				SDKROOT = macosx;
			};
			name = Debug;
		};
		844D13A41DFAFF7700584788 /* Release */ = {
			isa = XCBuildConfiguration;
			buildSettings = {
				ALWAYS_SEARCH_USER_PATHS = NO;
				CLANG_ANALYZER_NONNULL = YES;
				CLANG_CXX_LANGUAGE_STANDARD = "gnu++0x";
				CLANG_CXX_LIBRARY = "libc++";
				CLANG_ENABLE_MODULES = YES;
				CLANG_ENABLE_OBJC_ARC = YES;
				CLANG_WARN_BOOL_CONVERSION = YES;
				CLANG_WARN_CONSTANT_CONVERSION = YES;
				CLANG_WARN_DIRECT_OBJC_ISA_USAGE = YES_ERROR;
				CLANG_WARN_DOCUMENTATION_COMMENTS = YES;
				CLANG_WARN_EMPTY_BODY = YES;
				CLANG_WARN_ENUM_CONVERSION = YES;
				CLANG_WARN_INFINITE_RECURSION = YES;
				CLANG_WARN_INT_CONVERSION = YES;
				CLANG_WARN_OBJC_ROOT_CLASS = YES_ERROR;
				CLANG_WARN_SUSPICIOUS_MOVES = YES;
				CLANG_WARN_UNREACHABLE_CODE = YES;
				CLANG_WARN__DUPLICATE_METHOD_MATCH = YES;
				CODE_SIGN_IDENTITY = "-";
				COPY_PHASE_STRIP = NO;
				DEBUG_INFORMATION_FORMAT = "dwarf-with-dsym";
				ENABLE_NS_ASSERTIONS = NO;
				ENABLE_STRICT_OBJC_MSGSEND = YES;
				GCC_C_LANGUAGE_STANDARD = gnu99;
				GCC_NO_COMMON_BLOCKS = YES;
				GCC_WARN_64_TO_32_BIT_CONVERSION = YES;
				GCC_WARN_ABOUT_RETURN_TYPE = YES_ERROR;
				GCC_WARN_UNDECLARED_SELECTOR = YES;
				GCC_WARN_UNINITIALIZED_AUTOS = YES_AGGRESSIVE;
				GCC_WARN_UNUSED_FUNCTION = YES;
				GCC_WARN_UNUSED_VARIABLE = YES;
				MACOSX_DEPLOYMENT_TARGET = 10.11;
				MTL_ENABLE_DEBUG_INFO = NO;
				SDKROOT = macosx;
			};
			name = Release;
		};
		844D13A61DFAFF7700584788 /* Debug */ = {
			isa = XCBuildConfiguration;
			buildSettings = {
				DEVELOPMENT_TEAM = 6R8QQ5YD77;
				PRODUCT_NAME = "$(TARGET_NAME)";
			};
			name = Debug;
		};
		844D13A71DFAFF7700584788 /* Release */ = {
			isa = XCBuildConfiguration;
			buildSettings = {
				DEVELOPMENT_TEAM = 6R8QQ5YD77;
				PRODUCT_NAME = "$(TARGET_NAME)";
			};
			name = Release;
		};
/* End XCBuildConfiguration section */

/* Begin XCConfigurationList section */
		844D13991DFAFF7700584788 /* Build configuration list for PBXProject "FlyweightPattern" */ = {
			isa = XCConfigurationList;
			buildConfigurations = (
				844D13A31DFAFF7700584788 /* Debug */,
				844D13A41DFAFF7700584788 /* Release */,
			);
			defaultConfigurationIsVisible = 0;
			defaultConfigurationName = Release;
		};
		844D13A51DFAFF7700584788 /* Build configuration list for PBXNativeTarget "FlyweightPattern" */ = {
			isa = XCConfigurationList;
			buildConfigurations = (
				844D13A61DFAFF7700584788 /* Debug */,
				844D13A71DFAFF7700584788 /* Release */,
			);
			defaultConfigurationIsVisible = 0;
		};
/* End XCConfigurationList section */
	};
	rootObject = 844D13961DFAFF7700584788 /* Project object */;
}
