// !$*UTF8*$!
{
	archiveVersion = 1;
	classes = {
	};
	objectVersion = 46;
	objects = {

/* Begin PBXBuildFile section */
		844D136E1DFAF53000584788 /* main.m in Sources */ = {isa = PBXBuildFile; fileRef = 844D136D1DFAF53000584788 /* main.m */; };
		844D13761DFAF58E00584788 /* IPhoneFactory.m in Sources */ = {isa = PBXBuildFile; fileRef = 844D13751DFAF58E00584788 /* IPhoneFactory.m */; };
		844D13791DFAF5B800584788 /* GenericIPad.m in Sources */ = {isa = PBXBuildFile; fileRef = 844D13781DFAF5B800584788 /* GenericIPad.m */; };
		844D137C1DFAF5EC00584788 /* GenericIPhone.m in Sources */ = {isa = PBXBuildFile; fileRef = 844D137B1DFAF5EC00584788 /* GenericIPhone.m */; };
		844D13821DFAF6CB00584788 /* AppleIPad.m in Sources */ = {isa = PBXBuildFile; fileRef = 844D13811DFAF6CB00584788 /* AppleIPad.m */; };
		844D13851DFAF72400584788 /* AppleIPhone.m in Sources */ = {isa = PBXBuildFile; fileRef = 844D13841DFAF72400584788 /* AppleIPhone.m */; };
		844D13881DFAF76B00584788 /* ChinaPad.m in Sources */ = {isa = PBXBuildFile; fileRef = 844D13871DFAF76B00584788 /* ChinaPad.m */; };
		844D138B1DFAF7A500584788 /* ChinaPhone.m in Sources */ = {isa = PBXBuildFile; fileRef = 844D138A1DFAF7A500584788 /* ChinaPhone.m */; };
		844D138E1DFAF7E100584788 /* AppleFactory.m in Sources */ = {isa = PBXBuildFile; fileRef = 844D138D1DFAF7E100584788 /* AppleFactory.m */; };
		844D13911DFAF84300584788 /* ChinaFactory.m in Sources */ = {isa = PBXBuildFile; fileRef = 844D13901DFAF84300584788 /* ChinaFactory.m */; };
		844D13941DFAFA0800584788 /* AbstractFactory.m in Sources */ = {isa = PBXBuildFile; fileRef = 844D13931DFAFA0800584788 /* AbstractFactory.m */; };
/* End PBXBuildFile section */

/* Begin PBXCopyFilesBuildPhase section */
		844D13681DFAF53000584788 /* CopyFiles */ = {
			isa = PBXCopyFilesBuildPhase;
			buildActionMask = 2147483647;
			dstPath = /usr/share/man/man1/;
			dstSubfolderSpec = 0;
			files = (
			);
			runOnlyForDeploymentPostprocessing = 1;
		};
/* End PBXCopyFilesBuildPhase section */

/* Begin PBXFileReference section */
		844D136A1DFAF53000584788 /* AbstractFactoryPattern */ = {isa = PBXFileReference; explicitFileType = "compiled.mach-o.executable"; includeInIndex = 0; path = AbstractFactoryPattern; sourceTree = BUILT_PRODUCTS_DIR; };
		844D136D1DFAF53000584788 /* main.m */ = {isa = PBXFileReference; lastKnownFileType = sourcecode.c.objc; path = main.m; sourceTree = "<group>"; };
		844D13741DFAF58E00584788 /* IPhoneFactory.h */ = {isa = PBXFileReference; fileEncoding = 4; lastKnownFileType = sourcecode.c.h; path = IPhoneFactory.h; sourceTree = "<group>"; };
		844D13751DFAF58E00584788 /* IPhoneFactory.m */ = {isa = PBXFileReference; fileEncoding = 4; lastKnownFileType = sourcecode.c.objc; path = IPhoneFactory.m; sourceTree = "<group>"; };
		844D13771DFAF5B800584788 /* GenericIPad.h */ = {isa = PBXFileReference; fileEncoding = 4; lastKnownFileType = sourcecode.c.h; path = GenericIPad.h; sourceTree = "<group>"; };
		844D13781DFAF5B800584788 /* GenericIPad.m */ = {isa = PBXFileReference; fileEncoding = 4; lastKnownFileType = sourcecode.c.objc; path = GenericIPad.m; sourceTree = "<group>"; };
		844D137A1DFAF5EC00584788 /* GenericIPhone.h */ = {isa = PBXFileReference; fileEncoding = 4; lastKnownFileType = sourcecode.c.h; path = GenericIPhone.h; sourceTree = "<group>"; };
		844D137B1DFAF5EC00584788 /* GenericIPhone.m */ = {isa = PBXFileReference; fileEncoding = 4; lastKnownFileType = sourcecode.c.objc; path = GenericIPhone.m; sourceTree = "<group>"; };
		844D13801DFAF6CB00584788 /* AppleIPad.h */ = {isa = PBXFileReference; fileEncoding = 4; lastKnownFileType = sourcecode.c.h; path = AppleIPad.h; sourceTree = "<group>"; };
		844D13811DFAF6CB00584788 /* AppleIPad.m */ = {isa = PBXFileReference; fileEncoding = 4; lastKnownFileType = sourcecode.c.objc; path = AppleIPad.m; sourceTree = "<group>"; };
		844D13831DFAF72400584788 /* AppleIPhone.h */ = {isa = PBXFileReference; fileEncoding = 4; lastKnownFileType = sourcecode.c.h; path = AppleIPhone.h; sourceTree = "<group>"; };
		844D13841DFAF72400584788 /* AppleIPhone.m */ = {isa = PBXFileReference; fileEncoding = 4; lastKnownFileType = sourcecode.c.objc; path = AppleIPhone.m; sourceTree = "<group>"; };
		844D13861DFAF76B00584788 /* ChinaPad.h */ = {isa = PBXFileReference; fileEncoding = 4; lastKnownFileType = sourcecode.c.h; path = ChinaPad.h; sourceTree = "<group>"; };
		844D13871DFAF76B00584788 /* ChinaPad.m */ = {isa = PBXFileReference; fileEncoding = 4; lastKnownFileType = sourcecode.c.objc; path = ChinaPad.m; sourceTree = "<group>"; };
		844D13891DFAF7A500584788 /* ChinaPhone.h */ = {isa = PBXFileReference; fileEncoding = 4; lastKnownFileType = sourcecode.c.h; path = ChinaPhone.h; sourceTree = "<group>"; };
		844D138A1DFAF7A500584788 /* ChinaPhone.m */ = {isa = PBXFileReference; fileEncoding = 4; lastKnownFileType = sourcecode.c.objc; path = ChinaPhone.m; sourceTree = "<group>"; };
		844D138C1DFAF7E100584788 /* AppleFactory.h */ = {isa = PBXFileReference; fileEncoding = 4; lastKnownFileType = sourcecode.c.h; path = AppleFactory.h; sourceTree = "<group>"; };
		844D138D1DFAF7E100584788 /* AppleFactory.m */ = {isa = PBXFileReference; fileEncoding = 4; lastKnownFileType = sourcecode.c.objc; path = AppleFactory.m; sourceTree = "<group>"; };
		844D138F1DFAF84300584788 /* ChinaFactory.h */ = {isa = PBXFileReference; fileEncoding = 4; lastKnownFileType = sourcecode.c.h; path = ChinaFactory.h; sourceTree = "<group>"; };
		844D13901DFAF84300584788 /* ChinaFactory.m */ = {isa = PBXFileReference; fileEncoding = 4; lastKnownFileType = sourcecode.c.objc; path = ChinaFactory.m; sourceTree = "<group>"; };
		844D13921DFAFA0800584788 /* AbstractFactory.h */ = {isa = PBXFileReference; fileEncoding = 4; lastKnownFileType = sourcecode.c.h; path = AbstractFactory.h; sourceTree = "<group>"; };
		844D13931DFAFA0800584788 /* AbstractFactory.m */ = {isa = PBXFileReference; fileEncoding = 4; lastKnownFileType = sourcecode.c.objc; path = AbstractFactory.m; sourceTree = "<group>"; };
/* End PBXFileReference section */

/* Begin PBXFrameworksBuildPhase section */
		844D13671DFAF53000584788 /* Frameworks */ = {
			isa = PBXFrameworksBuildPhase;
			buildActionMask = 2147483647;
			files = (
			);
			runOnlyForDeploymentPostprocessing = 0;
		};
/* End PBXFrameworksBuildPhase section */

/* Begin PBXGroup section */
		844D13611DFAF53000584788 = {
			isa = PBXGroup;
			children = (
				844D136C1DFAF53000584788 /* AbstractFactoryPattern */,
				844D136B1DFAF53000584788 /* Products */,
			);
			sourceTree = "<group>";
		};
		844D136B1DFAF53000584788 /* Products */ = {
			isa = PBXGroup;
			children = (
				844D136A1DFAF53000584788 /* AbstractFactoryPattern */,
			);
			name = Products;
			sourceTree = "<group>";
		};
		844D136C1DFAF53000584788 /* AbstractFactoryPattern */ = {
			isa = PBXGroup;
			children = (
				844D136D1DFAF53000584788 /* main.m */,
				844D13741DFAF58E00584788 /* IPhoneFactory.h */,
				844D13751DFAF58E00584788 /* IPhoneFactory.m */,
				844D13771DFAF5B800584788 /* GenericIPad.h */,
				844D13781DFAF5B800584788 /* GenericIPad.m */,
				844D137A1DFAF5EC00584788 /* GenericIPhone.h */,
				844D137B1DFAF5EC00584788 /* GenericIPhone.m */,
				844D13831DFAF72400584788 /* AppleIPhone.h */,
				844D13841DFAF72400584788 /* AppleIPhone.m */,
				844D13801DFAF6CB00584788 /* AppleIPad.h */,
				844D13811DFAF6CB00584788 /* AppleIPad.m */,
				844D13861DFAF76B00584788 /* ChinaPad.h */,
				844D13871DFAF76B00584788 /* ChinaPad.m */,
				844D13891DFAF7A500584788 /* ChinaPhone.h */,
				844D138A1DFAF7A500584788 /* ChinaPhone.m */,
				844D138C1DFAF7E100584788 /* AppleFactory.h */,
				844D138D1DFAF7E100584788 /* AppleFactory.m */,
				844D138F1DFAF84300584788 /* ChinaFactory.h */,
				844D13901DFAF84300584788 /* ChinaFactory.m */,
				844D13921DFAFA0800584788 /* AbstractFactory.h */,
				844D13931DFAFA0800584788 /* AbstractFactory.m */,
			);
			path = AbstractFactoryPattern;
			sourceTree = "<group>";
		};
/* End PBXGroup section */

/* Begin PBXNativeTarget section */
		844D13691DFAF53000584788 /* AbstractFactoryPattern */ = {
			isa = PBXNativeTarget;
			buildConfigurationList = 844D13711DFAF53000584788 /* Build configuration list for PBXNativeTarget "AbstractFactoryPattern" */;
			buildPhases = (
				844D13661DFAF53000584788 /* Sources */,
				844D13671DFAF53000584788 /* Frameworks */,
				844D13681DFAF53000584788 /* CopyFiles */,
			);
			buildRules = (
			);
			dependencies = (
			);
			name = AbstractFactoryPattern;
			productName = AbstractFactoryPattern;
			productReference = 844D136A1DFAF53000584788 /* AbstractFactoryPattern */;
			productType = "com.apple.product-type.tool";
		};
/* End PBXNativeTarget section */

/* Begin PBXProject section */
		844D13621DFAF53000584788 /* Project object */ = {
			isa = PBXProject;
			attributes = {
				LastUpgradeCheck = 0810;
				ORGANIZATIONNAME = LoganCorporation;
				TargetAttributes = {
					844D13691DFAF53000584788 = {
						CreatedOnToolsVersion = 8.1;
						DevelopmentTeam = 6R8QQ5YD77;
						ProvisioningStyle = Automatic;
					};
				};
			};
			buildConfigurationList = 844D13651DFAF53000584788 /* Build configuration list for PBXProject "AbstractFactoryPattern" */;
			compatibilityVersion = "Xcode 3.2";
			developmentRegion = English;
			hasScannedForEncodings = 0;
			knownRegions = (
				en,
			);
			mainGroup = 844D13611DFAF53000584788;
			productRefGroup = 844D136B1DFAF53000584788 /* Products */;
			projectDirPath = "";
			projectRoot = "";
			targets = (
				844D13691DFAF53000584788 /* AbstractFactoryPattern */,
			);
		};
/* End PBXProject section */

/* Begin PBXSourcesBuildPhase section */
		844D13661DFAF53000584788 /* Sources */ = {
			isa = PBXSourcesBuildPhase;
			buildActionMask = 2147483647;
			files = (
				844D13821DFAF6CB00584788 /* AppleIPad.m in Sources */,
				844D13881DFAF76B00584788 /* ChinaPad.m in Sources */,
				844D13941DFAFA0800584788 /* AbstractFactory.m in Sources */,
				844D13911DFAF84300584788 /* ChinaFactory.m in Sources */,
				844D138E1DFAF7E100584788 /* AppleFactory.m in Sources */,
				844D136E1DFAF53000584788 /* main.m in Sources */,
				844D13761DFAF58E00584788 /* IPhoneFactory.m in Sources */,
				844D138B1DFAF7A500584788 /* ChinaPhone.m in Sources */,
				844D137C1DFAF5EC00584788 /* GenericIPhone.m in Sources */,
				844D13791DFAF5B800584788 /* GenericIPad.m in Sources */,
				844D13851DFAF72400584788 /* AppleIPhone.m in Sources */,
			);
			runOnlyForDeploymentPostprocessing = 0;
		};
/* End PBXSourcesBuildPhase section */

/* Begin XCBuildConfiguration section */
		844D136F1DFAF53000584788 /* Debug */ = {
			isa = XCBuildConfiguration;
			buildSettings = {
				ALWAYS_SEARCH_USER_PATHS = NO;
				CLANG_ANALYZER_NONNULL = YES;
				CLANG_CXX_LANGUAGE_STANDARD = "gnu++0x";
				CLANG_CXX_LIBRARY = "libc++";
				CLANG_ENABLE_MODULES = YES;
				CLANG_ENABLE_OBJC_ARC = YES;
				CLANG_WARN_BOOL_CONVERSION = YES;
				CLANG_WARN_CONSTANT_CONVERSION = YES;
				CLANG_WARN_DIRECT_OBJC_ISA_USAGE = YES_ERROR;
				CLANG_WARN_DOCUMENTATION_COMMENTS = YES;
				CLANG_WARN_EMPTY_BODY = YES;
				CLANG_WARN_ENUM_CONVERSION = YES;
				CLANG_WARN_INFINITE_RECURSION = YES;
				CLANG_WARN_INT_CONVERSION = YES;
				CLANG_WARN_OBJC_ROOT_CLASS = YES_ERROR;
				CLANG_WARN_SUSPICIOUS_MOVES = YES;
				CLANG_WARN_UNREACHABLE_CODE = YES;
				CLANG_WARN__DUPLICATE_METHOD_MATCH = YES;
				CODE_SIGN_IDENTITY = "-";
				COPY_PHASE_STRIP = NO;
				DEBUG_INFORMATION_FORMAT = dwarf;
				ENABLE_STRICT_OBJC_MSGSEND = YES;
				ENABLE_TESTABILITY = YES;
				GCC_C_LANGUAGE_STANDARD = gnu99;
				GCC_DYNAMIC_NO_PIC = NO;
				GCC_NO_COMMON_BLOCKS = YES;
				GCC_OPTIMIZATION_LEVEL = 0;
				GCC_PREPROCESSOR_DEFINITIONS = (
					"DEBUG=1",
					"$(inherited)",
				);
				GCC_WARN_64_TO_32_BIT_CONVERSION = YES;
				GCC_WARN_ABOUT_RETURN_TYPE = YES_ERROR;
				GCC_WARN_UNDECLARED_SELECTOR = YES;
				GCC_WARN_UNINITIALIZED_AUTOS = YES_AGGRESSIVE;
				GCC_WARN_UNUSED_FUNCTION = YES;
				GCC_WARN_UNUSED_VARIABLE = YES;
				MACOSX_DEPLOYMENT_TARGET = 10.11;
				MTL_ENABLE_DEBUG_INFO = YES;
				ONLY_ACTIVE_ARCH = YES;
				SDKROOT = macosx;
			};
			name = Debug;
		};
		844D13701DFAF53000584788 /* Release */ = {
			isa = XCBuildConfiguration;
			buildSettings = {
				ALWAYS_SEARCH_USER_PATHS = NO;
				CLANG_ANALYZER_NONNULL = YES;
				CLANG_CXX_LANGUAGE_STANDARD = "gnu++0x";
				CLANG_CXX_LIBRARY = "libc++";
				CLANG_ENABLE_MODULES = YES;
				CLANG_ENABLE_OBJC_ARC = YES;
				CLANG_WARN_BOOL_CONVERSION = YES;
				CLANG_WARN_CONSTANT_CONVERSION = YES;
				CLANG_WARN_DIRECT_OBJC_ISA_USAGE = YES_ERROR;
				CLANG_WARN_DOCUMENTATION_COMMENTS = YES;
				CLANG_WARN_EMPTY_BODY = YES;
				CLANG_WARN_ENUM_CONVERSION = YES;
				CLANG_WARN_INFINITE_RECURSION = YES;
				CLANG_WARN_INT_CONVERSION = YES;
				CLANG_WARN_OBJC_ROOT_CLASS = YES_ERROR;
				CLANG_WARN_SUSPICIOUS_MOVES = YES;
				CLANG_WARN_UNREACHABLE_CODE = YES;
				CLANG_WARN__DUPLICATE_METHOD_MATCH = YES;
				CODE_SIGN_IDENTITY = "-";
				COPY_PHASE_STRIP = NO;
				DEBUG_INFORMATION_FORMAT = "dwarf-with-dsym";
				ENABLE_NS_ASSERTIONS = NO;
				ENABLE_STRICT_OBJC_MSGSEND = YES;
				GCC_C_LANGUAGE_STANDARD = gnu99;
				GCC_NO_COMMON_BLOCKS = YES;
				GCC_WARN_64_TO_32_BIT_CONVERSION = YES;
				GCC_WARN_ABOUT_RETURN_TYPE = YES_ERROR;
				GCC_WARN_UNDECLARED_SELECTOR = YES;
				GCC_WARN_UNINITIALIZED_AUTOS = YES_AGGRESSIVE;
				GCC_WARN_UNUSED_FUNCTION = YES;
				GCC_WARN_UNUSED_VARIABLE = YES;
				MACOSX_DEPLOYMENT_TARGET = 10.11;
				MTL_ENABLE_DEBUG_INFO = NO;
				SDKROOT = macosx;
			};
			name = Release;
		};
		844D13721DFAF53000584788 /* Debug */ = {
			isa = XCBuildConfiguration;
			buildSettings = {
				DEVELOPMENT_TEAM = 6R8QQ5YD77;
				PRODUCT_NAME = "$(TARGET_NAME)";
			};
			name = Debug;
		};
		844D13731DFAF53000584788 /* Release */ = {
			isa = XCBuildConfiguration;
			buildSettings = {
				DEVELOPMENT_TEAM = 6R8QQ5YD77;
				PRODUCT_NAME = "$(TARGET_NAME)";
			};
			name = Release;
		};
/* End XCBuildConfiguration section */

/* Begin XCConfigurationList section */
		844D13651DFAF53000584788 /* Build configuration list for PBXProject "AbstractFactoryPattern" */ = {
			isa = XCConfigurationList;
			buildConfigurations = (
				844D136F1DFAF53000584788 /* Debug */,
				844D13701DFAF53000584788 /* Release */,
			);
			defaultConfigurationIsVisible = 0;
			defaultConfigurationName = Release;
		};
		844D13711DFAF53000584788 /* Build configuration list for PBXNativeTarget "AbstractFactoryPattern" */ = {
			isa = XCConfigurationList;
			buildConfigurations = (
				844D13721DFAF53000584788 /* Debug */,
				844D13731DFAF53000584788 /* Release */,
			);
			defaultConfigurationIsVisible = 0;
		};
/* End XCConfigurationList section */
	};
	rootObject = 844D13621DFAF53000584788 /* Project object */;
}
